
Microsoft Visual Studio Solution File, Format Version 12.00
Project("{FAE04EC0-301F-11D3-BF4B-00C04F79EFBC}") = "Lab5-1Dudka", "Lab5-1Dudka\Lab5-1Dudka.csproj", "{7C7929D4-9D38-4655-B4A8-1572F6B92C48}"
EndProject
Global
	GlobalSection(SolutionConfigurationPlatforms) = preSolution
		Debug|Any CPU = Debug|Any CPU
		Release|Any CPU = Release|Any CPU
	EndGlobalSection
	GlobalSection(ProjectConfigurationPlatforms) = postSolution
		{7C7929D4-9D38-4655-B4A8-1572F6B92C48}.Debug|Any CPU.ActiveCfg = Debug|Any CPU
		{7C7929D4-9D38-4655-B4A8-1572F6B92C48}.Debug|Any CPU.Build.0 = Debug|Any CPU
		{7C7929D4-9D38-4655-B4A8-1572F6B92C48}.Release|Any CPU.ActiveCfg = Release|Any CPU
		{7C7929D4-9D38-4655-B4A8-1572F6B92C48}.Release|Any CPU.Build.0 = Release|Any CPU
	EndGlobalSection
EndGlobal
